
Microsoft Visual Studio Solution File, Format Version 12.00
# Visual Studio 15
VisualStudioVersion = 15.0.27130.2010
MinimumVisualStudioVersion = 10.0.40219.1
Project("{8BC9CEB8-8B4A-11D0-8D11-00A0C91BC942}") = "ProyectoP3Numero2", "ProyectoP3Numero2\ProyectoP3Numero2.vcxproj", "{35852060-BC20-4AA7-B8E1-507E390380B0}"
EndProject
Global
	GlobalSection(SolutionConfigurationPlatforms) = preSolution
		Debug|x64 = Debug|x64
		Debug|x86 = Debug|x86
		Release|x64 = Release|x64
		Release|x86 = Release|x86
	EndGlobalSection
	GlobalSection(ProjectConfigurationPlatforms) = postSolution
		{35852060-BC20-4AA7-B8E1-507E390380B0}.Debug|x64.ActiveCfg = Debug|x64
		{35852060-BC20-4AA7-B8E1-507E390380B0}.Debug|x64.Build.0 = Debug|x64
		{35852060-BC20-4AA7-B8E1-507E390380B0}.Debug|x86.ActiveCfg = Debug|Win32
		{35852060-BC20-4AA7-B8E1-507E390380B0}.Debug|x86.Build.0 = Debug|Win32
		{35852060-BC20-4AA7-B8E1-507E390380B0}.Release|x64.ActiveCfg = Release|x64
		{35852060-BC20-4AA7-B8E1-507E390380B0}.Release|x64.Build.0 = Release|x64
		{35852060-BC20-4AA7-B8E1-507E390380B0}.Release|x86.ActiveCfg = Release|Win32
		{35852060-BC20-4AA7-B8E1-507E390380B0}.Release|x86.Build.0 = Release|Win32
	EndGlobalSection
	GlobalSection(SolutionProperties) = preSolution
		HideSolutionNode = FALSE
	EndGlobalSection
	GlobalSection(ExtensibilityGlobals) = postSolution
		SolutionGuid = {B301F158-6C3D-4542-A031-C9B8DED853A0}
	EndGlobalSection
EndGlobal
